
Microsoft Visual Studio Solution File, Format Version 12.00
# Visual Studio 15
VisualStudioVersion = 15.0.26730.16
MinimumVisualStudioVersion = 10.0.40219.1
Project("{2150E333-8FDC-42A3-9474-1A3956D46DE8}") = "python", "python", "{79C64CDC-2296-4BC1-89C3-F22FDE874596}"
EndProject
Project("{FAE04EC0-301F-11D3-BF4B-00C04F79EFBC}") = "BeautifulSoup.net", "BeautifulSoup.net\BeautifulSoup.net.csproj", "{77CE6F32-9505-4FFF-A2E8-0B462849DBB3}"
EndProject
Global
	GlobalSection(SolutionConfigurationPlatforms) = preSolution
		Debug|Any CPU = Debug|Any CPU
		Release|Any CPU = Release|Any CPU
	EndGlobalSection
	GlobalSection(ProjectConfigurationPlatforms) = postSolution
		{77CE6F32-9505-4FFF-A2E8-0B462849DBB3}.Debug|Any CPU.ActiveCfg = Debug|Any CPU
		{77CE6F32-9505-4FFF-A2E8-0B462849DBB3}.Debug|Any CPU.Build.0 = Debug|Any CPU
		{77CE6F32-9505-4FFF-A2E8-0B462849DBB3}.Release|Any CPU.ActiveCfg = Release|Any CPU
		{77CE6F32-9505-4FFF-A2E8-0B462849DBB3}.Release|Any CPU.Build.0 = Release|Any CPU
	EndGlobalSection
	GlobalSection(SolutionProperties) = preSolution
		HideSolutionNode = FALSE
	EndGlobalSection
	GlobalSection(ExtensibilityGlobals) = postSolution
		SolutionGuid = {413DC59E-8522-41A2-929A-FF2C608BFD8C}
	EndGlobalSection
EndGlobal
